// !$*UTF8*$!
{
	archiveVersion = 1;
	classes = {
	};
	objectVersion = 56;
	objects = {

/* Begin PBXBuildFile section */
		7A2B69852AF1269F0020B65B /* HTTPClient.swift in Sources */ = {isa = PBXBuildFile; fileRef = 7A2B69842AF1269F0020B65B /* HTTPClient.swift */; };
		7A2B69872AF127100020B65B /* FeedItemsMapper.swift in Sources */ = {isa = PBXBuildFile; fileRef = 7A2B69862AF127100020B65B /* FeedItemsMapper.swift */; };
		7A370A622A881E090015D5F0 /* AppDelegate.swift in Sources */ = {isa = PBXBuildFile; fileRef = 7A370A612A881E090015D5F0 /* AppDelegate.swift */; };
		7A370A642A881E090015D5F0 /* SceneDelegate.swift in Sources */ = {isa = PBXBuildFile; fileRef = 7A370A632A881E090015D5F0 /* SceneDelegate.swift */; };
		7A370A662A881E090015D5F0 /* ViewController.swift in Sources */ = {isa = PBXBuildFile; fileRef = 7A370A652A881E090015D5F0 /* ViewController.swift */; };
		7A370A692A881E090015D5F0 /* Main.storyboard in Resources */ = {isa = PBXBuildFile; fileRef = 7A370A672A881E090015D5F0 /* Main.storyboard */; };
		7A370A6B2A881E0B0015D5F0 /* Assets.xcassets in Resources */ = {isa = PBXBuildFile; fileRef = 7A370A6A2A881E0B0015D5F0 /* Assets.xcassets */; };
		7A370A6E2A881E0B0015D5F0 /* LaunchScreen.storyboard in Resources */ = {isa = PBXBuildFile; fileRef = 7A370A6C2A881E0B0015D5F0 /* LaunchScreen.storyboard */; };
		7A370A792A881E0B0015D5F0 /* EssentialFeedTests.swift in Sources */ = {isa = PBXBuildFile; fileRef = 7A370A782A881E0B0015D5F0 /* EssentialFeedTests.swift */; };
		7A370A832A881E0B0015D5F0 /* EssentialFeedUITests.swift in Sources */ = {isa = PBXBuildFile; fileRef = 7A370A822A881E0B0015D5F0 /* EssentialFeedUITests.swift */; };
		7A370A852A881E0B0015D5F0 /* EssentialFeedUITestsLaunchTests.swift in Sources */ = {isa = PBXBuildFile; fileRef = 7A370A842A881E0B0015D5F0 /* EssentialFeedUITestsLaunchTests.swift */; };
		7A370A932A881E400015D5F0 /* FeedItem.swift in Sources */ = {isa = PBXBuildFile; fileRef = 7A370A922A881E400015D5F0 /* FeedItem.swift */; };
		7A370A952A881E4F0015D5F0 /* FeedLoader.swift in Sources */ = {isa = PBXBuildFile; fileRef = 7A370A942A881E4F0015D5F0 /* FeedLoader.swift */; };
		7A370A972A88209B0015D5F0 /* RemoteFeedLoaderTests.swift in Sources */ = {isa = PBXBuildFile; fileRef = 7A370A962A88209B0015D5F0 /* RemoteFeedLoaderTests.swift */; };
		7A37BCFB2AFF6CE300BDCC01 /* URLSessionHTTPClientTests.swift in Sources */ = {isa = PBXBuildFile; fileRef = 7A37BCFA2AFF6CE300BDCC01 /* URLSessionHTTPClientTests.swift */; };
		7A62DB692B9F238100D0FCAB /* XCTextCase+MemoryLeakTracking.swift in Sources */ = {isa = PBXBuildFile; fileRef = 7A62DB682B9F238100D0FCAB /* XCTextCase+MemoryLeakTracking.swift */; };
		7A62DB6B2B9F598600D0FCAB /* URLSessionHTTPClient.swift in Sources */ = {isa = PBXBuildFile; fileRef = 7A62DB6A2B9F598600D0FCAB /* URLSessionHTTPClient.swift */; };
		7A9BC3302AD94F0A00957113 /* RemoteFeedLoader.swift in Sources */ = {isa = PBXBuildFile; fileRef = 7A9BC32F2AD94F0A00957113 /* RemoteFeedLoader.swift */; };
		7AA634702BA630F800B9023B /* EssentialFeedAPIEndToEndTests.swift in Sources */ = {isa = PBXBuildFile; fileRef = 7AA6346F2BA630F800B9023B /* EssentialFeedAPIEndToEndTests.swift */; };
/* End PBXBuildFile section */

/* Begin PBXContainerItemProxy section */
		7A370A752A881E0B0015D5F0 /* PBXContainerItemProxy */ = {
			isa = PBXContainerItemProxy;
			containerPortal = 7A370A562A881E090015D5F0 /* Project object */;
			proxyType = 1;
			remoteGlobalIDString = 7A370A5D2A881E090015D5F0;
			remoteInfo = EssentialFeed;
		};
		7A370A7F2A881E0B0015D5F0 /* PBXContainerItemProxy */ = {
			isa = PBXContainerItemProxy;
			containerPortal = 7A370A562A881E090015D5F0 /* Project object */;
			proxyType = 1;
			remoteGlobalIDString = 7A370A5D2A881E090015D5F0;
			remoteInfo = EssentialFeed;
		};
		7AA634712BA630F800B9023B /* PBXContainerItemProxy */ = {
			isa = PBXContainerItemProxy;
			containerPortal = 7A370A562A881E090015D5F0 /* Project object */;
			proxyType = 1;
			remoteGlobalIDString = 7A370A5D2A881E090015D5F0;
			remoteInfo = EssentialFeed;
		};
/* End PBXContainerItemProxy section */

/* Begin PBXFileReference section */
		7A2B69842AF1269F0020B65B /* HTTPClient.swift */ = {isa = PBXFileReference; lastKnownFileType = sourcecode.swift; path = HTTPClient.swift; sourceTree = "<group>"; };
		7A2B69862AF127100020B65B /* FeedItemsMapper.swift */ = {isa = PBXFileReference; lastKnownFileType = sourcecode.swift; path = FeedItemsMapper.swift; sourceTree = "<group>"; };
		7A370A5E2A881E090015D5F0 /* EssentialFeed.app */ = {isa = PBXFileReference; explicitFileType = wrapper.application; includeInIndex = 0; path = EssentialFeed.app; sourceTree = BUILT_PRODUCTS_DIR; };
		7A370A612A881E090015D5F0 /* AppDelegate.swift */ = {isa = PBXFileReference; lastKnownFileType = sourcecode.swift; path = AppDelegate.swift; sourceTree = "<group>"; };
		7A370A632A881E090015D5F0 /* SceneDelegate.swift */ = {isa = PBXFileReference; lastKnownFileType = sourcecode.swift; path = SceneDelegate.swift; sourceTree = "<group>"; };
		7A370A652A881E090015D5F0 /* ViewController.swift */ = {isa = PBXFileReference; lastKnownFileType = sourcecode.swift; path = ViewController.swift; sourceTree = "<group>"; };
		7A370A682A881E090015D5F0 /* Base */ = {isa = PBXFileReference; lastKnownFileType = file.storyboard; name = Base; path = Base.lproj/Main.storyboard; sourceTree = "<group>"; };
		7A370A6A2A881E0B0015D5F0 /* Assets.xcassets */ = {isa = PBXFileReference; lastKnownFileType = folder.assetcatalog; path = Assets.xcassets; sourceTree = "<group>"; };
		7A370A6D2A881E0B0015D5F0 /* Base */ = {isa = PBXFileReference; lastKnownFileType = file.storyboard; name = Base; path = Base.lproj/LaunchScreen.storyboard; sourceTree = "<group>"; };
		7A370A6F2A881E0B0015D5F0 /* Info.plist */ = {isa = PBXFileReference; lastKnownFileType = text.plist.xml; path = Info.plist; sourceTree = "<group>"; };
		7A370A742A881E0B0015D5F0 /* EssentialFeedTests.xctest */ = {isa = PBXFileReference; explicitFileType = wrapper.cfbundle; includeInIndex = 0; path = EssentialFeedTests.xctest; sourceTree = BUILT_PRODUCTS_DIR; };
		7A370A782A881E0B0015D5F0 /* EssentialFeedTests.swift */ = {isa = PBXFileReference; lastKnownFileType = sourcecode.swift; path = EssentialFeedTests.swift; sourceTree = "<group>"; };
		7A370A7E2A881E0B0015D5F0 /* EssentialFeedUITests.xctest */ = {isa = PBXFileReference; explicitFileType = wrapper.cfbundle; includeInIndex = 0; path = EssentialFeedUITests.xctest; sourceTree = BUILT_PRODUCTS_DIR; };
		7A370A822A881E0B0015D5F0 /* EssentialFeedUITests.swift */ = {isa = PBXFileReference; lastKnownFileType = sourcecode.swift; path = EssentialFeedUITests.swift; sourceTree = "<group>"; };
		7A370A842A881E0B0015D5F0 /* EssentialFeedUITestsLaunchTests.swift */ = {isa = PBXFileReference; lastKnownFileType = sourcecode.swift; path = EssentialFeedUITestsLaunchTests.swift; sourceTree = "<group>"; };
		7A370A922A881E400015D5F0 /* FeedItem.swift */ = {isa = PBXFileReference; lastKnownFileType = sourcecode.swift; path = FeedItem.swift; sourceTree = "<group>"; };
		7A370A942A881E4F0015D5F0 /* FeedLoader.swift */ = {isa = PBXFileReference; lastKnownFileType = sourcecode.swift; path = FeedLoader.swift; sourceTree = "<group>"; };
		7A370A962A88209B0015D5F0 /* RemoteFeedLoaderTests.swift */ = {isa = PBXFileReference; lastKnownFileType = sourcecode.swift; path = RemoteFeedLoaderTests.swift; sourceTree = "<group>"; };
		7A37BCFA2AFF6CE300BDCC01 /* URLSessionHTTPClientTests.swift */ = {isa = PBXFileReference; lastKnownFileType = sourcecode.swift; path = URLSessionHTTPClientTests.swift; sourceTree = "<group>"; };
		7A62DB682B9F238100D0FCAB /* XCTextCase+MemoryLeakTracking.swift */ = {isa = PBXFileReference; lastKnownFileType = sourcecode.swift; path = "XCTextCase+MemoryLeakTracking.swift"; sourceTree = "<group>"; };
		7A62DB6A2B9F598600D0FCAB /* URLSessionHTTPClient.swift */ = {isa = PBXFileReference; lastKnownFileType = sourcecode.swift; path = URLSessionHTTPClient.swift; sourceTree = "<group>"; };
		7A989B902BA63DCA00AF3F8F /* Info.plist */ = {isa = PBXFileReference; lastKnownFileType = text.plist; path = Info.plist; sourceTree = "<group>"; };
		7A989B912BA63DE700AF3F8F /* Info.plist */ = {isa = PBXFileReference; lastKnownFileType = text.plist; path = Info.plist; sourceTree = "<group>"; };
		7A9BC32F2AD94F0A00957113 /* RemoteFeedLoader.swift */ = {isa = PBXFileReference; lastKnownFileType = sourcecode.swift; path = RemoteFeedLoader.swift; sourceTree = "<group>"; };
		7AA6346D2BA630F800B9023B /* EssentialFeedAPIEndToEndTests.xctest */ = {isa = PBXFileReference; explicitFileType = wrapper.cfbundle; includeInIndex = 0; path = EssentialFeedAPIEndToEndTests.xctest; sourceTree = BUILT_PRODUCTS_DIR; };
		7AA6346F2BA630F800B9023B /* EssentialFeedAPIEndToEndTests.swift */ = {isa = PBXFileReference; lastKnownFileType = sourcecode.swift; path = EssentialFeedAPIEndToEndTests.swift; sourceTree = "<group>"; };
		7AA634762BA63ADE00B9023B /* Info.plist */ = {isa = PBXFileReference; lastKnownFileType = text.plist; path = Info.plist; sourceTree = "<group>"; };
/* End PBXFileReference section */

/* Begin PBXFrameworksBuildPhase section */
		7A370A5B2A881E090015D5F0 /* Frameworks */ = {
			isa = PBXFrameworksBuildPhase;
			buildActionMask = 2147483647;
			files = (
			);
			runOnlyForDeploymentPostprocessing = 0;
		};
		7A370A712A881E0B0015D5F0 /* Frameworks */ = {
			isa = PBXFrameworksBuildPhase;
			buildActionMask = 2147483647;
			files = (
			);
			runOnlyForDeploymentPostprocessing = 0;
		};
		7A370A7B2A881E0B0015D5F0 /* Frameworks */ = {
			isa = PBXFrameworksBuildPhase;
			buildActionMask = 2147483647;
			files = (
			);
			runOnlyForDeploymentPostprocessing = 0;
		};
		7AA6346A2BA630F800B9023B /* Frameworks */ = {
			isa = PBXFrameworksBuildPhase;
			buildActionMask = 2147483647;
			files = (
			);
			runOnlyForDeploymentPostprocessing = 0;
		};
/* End PBXFrameworksBuildPhase section */

/* Begin PBXGroup section */
		7A2B69882AF13D810020B65B /* Feed API */ = {
			isa = PBXGroup;
			children = (
				7A62DB672B9F234300D0FCAB /* Helpers */,
				7A370A962A88209B0015D5F0 /* RemoteFeedLoaderTests.swift */,
				7A37BCFA2AFF6CE300BDCC01 /* URLSessionHTTPClientTests.swift */,
			);
			path = "Feed API";
			sourceTree = "<group>";
		};
		7A370A552A881E090015D5F0 = {
			isa = PBXGroup;
			children = (
				7A370A602A881E090015D5F0 /* EssentialFeed */,
				7A370A772A881E0B0015D5F0 /* EssentialFeedTests */,
				7A370A812A881E0B0015D5F0 /* EssentialFeedUITests */,
				7AA6346E2BA630F800B9023B /* EssentialFeedAPIEndToEndTests */,
				7A370A5F2A881E090015D5F0 /* Products */,
			);
			sourceTree = "<group>";
		};
		7A370A5F2A881E090015D5F0 /* Products */ = {
			isa = PBXGroup;
			children = (
				7A370A5E2A881E090015D5F0 /* EssentialFeed.app */,
				7A370A742A881E0B0015D5F0 /* EssentialFeedTests.xctest */,
				7A370A7E2A881E0B0015D5F0 /* EssentialFeedUITests.xctest */,
				7AA6346D2BA630F800B9023B /* EssentialFeedAPIEndToEndTests.xctest */,
			);
			name = Products;
			sourceTree = "<group>";
		};
		7A370A602A881E090015D5F0 /* EssentialFeed */ = {
			isa = PBXGroup;
			children = (
				7A9BC32E2AD94EEB00957113 /* Feed API */,
				7A370A912A881E230015D5F0 /* Feed Feature */,
				7A370A612A881E090015D5F0 /* AppDelegate.swift */,
				7A370A632A881E090015D5F0 /* SceneDelegate.swift */,
				7A370A652A881E090015D5F0 /* ViewController.swift */,
				7A370A672A881E090015D5F0 /* Main.storyboard */,
				7A370A6A2A881E0B0015D5F0 /* Assets.xcassets */,
				7A370A6C2A881E0B0015D5F0 /* LaunchScreen.storyboard */,
				7A370A6F2A881E0B0015D5F0 /* Info.plist */,
			);
			path = EssentialFeed;
			sourceTree = "<group>";
		};
		7A370A772A881E0B0015D5F0 /* EssentialFeedTests */ = {
			isa = PBXGroup;
			children = (
				7A989B902BA63DCA00AF3F8F /* Info.plist */,
				7A2B69882AF13D810020B65B /* Feed API */,
				7A370A782A881E0B0015D5F0 /* EssentialFeedTests.swift */,
			);
			path = EssentialFeedTests;
			sourceTree = "<group>";
		};
		7A370A812A881E0B0015D5F0 /* EssentialFeedUITests */ = {
			isa = PBXGroup;
			children = (
				7A989B912BA63DE700AF3F8F /* Info.plist */,
				7A370A822A881E0B0015D5F0 /* EssentialFeedUITests.swift */,
				7A370A842A881E0B0015D5F0 /* EssentialFeedUITestsLaunchTests.swift */,
			);
			path = EssentialFeedUITests;
			sourceTree = "<group>";
		};
		7A370A912A881E230015D5F0 /* Feed Feature */ = {
			isa = PBXGroup;
			children = (
				7A370A922A881E400015D5F0 /* FeedItem.swift */,
				7A370A942A881E4F0015D5F0 /* FeedLoader.swift */,
			);
			path = "Feed Feature";
			sourceTree = "<group>";
		};
		7A62DB672B9F234300D0FCAB /* Helpers */ = {
			isa = PBXGroup;
			children = (
				7A62DB682B9F238100D0FCAB /* XCTextCase+MemoryLeakTracking.swift */,
			);
			path = Helpers;
			sourceTree = "<group>";
		};
		7A9BC32E2AD94EEB00957113 /* Feed API */ = {
			isa = PBXGroup;
			children = (
				7A9BC32F2AD94F0A00957113 /* RemoteFeedLoader.swift */,
				7A2B69842AF1269F0020B65B /* HTTPClient.swift */,
				7A2B69862AF127100020B65B /* FeedItemsMapper.swift */,
				7A62DB6A2B9F598600D0FCAB /* URLSessionHTTPClient.swift */,
			);
			path = "Feed API";
			sourceTree = "<group>";
		};
		7AA6346E2BA630F800B9023B /* EssentialFeedAPIEndToEndTests */ = {
			isa = PBXGroup;
			children = (
				7AA634762BA63ADE00B9023B /* Info.plist */,
				7AA6346F2BA630F800B9023B /* EssentialFeedAPIEndToEndTests.swift */,
			);
			path = EssentialFeedAPIEndToEndTests;
			sourceTree = "<group>";
		};
/* End PBXGroup section */

/* Begin PBXNativeTarget section */
		7A370A5D2A881E090015D5F0 /* EssentialFeed */ = {
			isa = PBXNativeTarget;
			buildConfigurationList = 7A370A882A881E0B0015D5F0 /* Build configuration list for PBXNativeTarget "EssentialFeed" */;
			buildPhases = (
				7A370A5A2A881E090015D5F0 /* Sources */,
				7A370A5B2A881E090015D5F0 /* Frameworks */,
				7A370A5C2A881E090015D5F0 /* Resources */,
			);
			buildRules = (
			);
			dependencies = (
			);
			name = EssentialFeed;
			productName = EssentialFeed;
			productReference = 7A370A5E2A881E090015D5F0 /* EssentialFeed.app */;
			productType = "com.apple.product-type.application";
		};
		7A370A732A881E0B0015D5F0 /* EssentialFeedTests */ = {
			isa = PBXNativeTarget;
			buildConfigurationList = 7A370A8B2A881E0B0015D5F0 /* Build configuration list for PBXNativeTarget "EssentialFeedTests" */;
			buildPhases = (
				7A370A702A881E0B0015D5F0 /* Sources */,
				7A370A712A881E0B0015D5F0 /* Frameworks */,
				7A370A722A881E0B0015D5F0 /* Resources */,
			);
			buildRules = (
			);
			dependencies = (
				7A370A762A881E0B0015D5F0 /* PBXTargetDependency */,
			);
			name = EssentialFeedTests;
			productName = EssentialFeedTests;
			productReference = 7A370A742A881E0B0015D5F0 /* EssentialFeedTests.xctest */;
			productType = "com.apple.product-type.bundle.unit-test";
		};
		7A370A7D2A881E0B0015D5F0 /* EssentialFeedUITests */ = {
			isa = PBXNativeTarget;
			buildConfigurationList = 7A370A8E2A881E0B0015D5F0 /* Build configuration list for PBXNativeTarget "EssentialFeedUITests" */;
			buildPhases = (
				7A370A7A2A881E0B0015D5F0 /* Sources */,
				7A370A7B2A881E0B0015D5F0 /* Frameworks */,
				7A370A7C2A881E0B0015D5F0 /* Resources */,
			);
			buildRules = (
			);
			dependencies = (
				7A370A802A881E0B0015D5F0 /* PBXTargetDependency */,
			);
			name = EssentialFeedUITests;
			productName = EssentialFeedUITests;
			productReference = 7A370A7E2A881E0B0015D5F0 /* EssentialFeedUITests.xctest */;
			productType = "com.apple.product-type.bundle.ui-testing";
		};
		7AA6346C2BA630F800B9023B /* EssentialFeedAPIEndToEndTests */ = {
			isa = PBXNativeTarget;
			buildConfigurationList = 7AA634752BA630F800B9023B /* Build configuration list for PBXNativeTarget "EssentialFeedAPIEndToEndTests" */;
			buildPhases = (
				7AA634692BA630F800B9023B /* Sources */,
				7AA6346A2BA630F800B9023B /* Frameworks */,
				7AA6346B2BA630F800B9023B /* Resources */,
			);
			buildRules = (
			);
			dependencies = (
				7AA634722BA630F800B9023B /* PBXTargetDependency */,
			);
			name = EssentialFeedAPIEndToEndTests;
			productName = EssentialFeedAPIEndToEndTests;
			productReference = 7AA6346D2BA630F800B9023B /* EssentialFeedAPIEndToEndTests.xctest */;
			productType = "com.apple.product-type.bundle.unit-test";
		};
/* End PBXNativeTarget section */

/* Begin PBXProject section */
		7A370A562A881E090015D5F0 /* Project object */ = {
			isa = PBXProject;
			attributes = {
				BuildIndependentTargetsInParallel = 1;
				LastSwiftUpdateCheck = 1410;
				LastUpgradeCheck = 1410;
				TargetAttributes = {
					7A370A5D2A881E090015D5F0 = {
						CreatedOnToolsVersion = 14.1;
					};
					7A370A732A881E0B0015D5F0 = {
						CreatedOnToolsVersion = 14.1;
						TestTargetID = 7A370A5D2A881E090015D5F0;
					};
					7A370A7D2A881E0B0015D5F0 = {
						CreatedOnToolsVersion = 14.1;
						TestTargetID = 7A370A5D2A881E090015D5F0;
					};
					7AA6346C2BA630F800B9023B = {
						CreatedOnToolsVersion = 14.1;
						TestTargetID = 7A370A5D2A881E090015D5F0;
					};
				};
			};
			buildConfigurationList = 7A370A592A881E090015D5F0 /* Build configuration list for PBXProject "EssentialFeed" */;
			compatibilityVersion = "Xcode 14.0";
			developmentRegion = en;
			hasScannedForEncodings = 0;
			knownRegions = (
				en,
				Base,
			);
			mainGroup = 7A370A552A881E090015D5F0;
			productRefGroup = 7A370A5F2A881E090015D5F0 /* Products */;
			projectDirPath = "";
			projectRoot = "";
			targets = (
				7A370A5D2A881E090015D5F0 /* EssentialFeed */,
				7A370A732A881E0B0015D5F0 /* EssentialFeedTests */,
				7A370A7D2A881E0B0015D5F0 /* EssentialFeedUITests */,
				7AA6346C2BA630F800B9023B /* EssentialFeedAPIEndToEndTests */,
			);
		};
/* End PBXProject section */

/* Begin PBXResourcesBuildPhase section */
		7A370A5C2A881E090015D5F0 /* Resources */ = {
			isa = PBXResourcesBuildPhase;
			buildActionMask = 2147483647;
			files = (
				7A370A6E2A881E0B0015D5F0 /* LaunchScreen.storyboard in Resources */,
				7A370A6B2A881E0B0015D5F0 /* Assets.xcassets in Resources */,
				7A370A692A881E090015D5F0 /* Main.storyboard in Resources */,
			);
			runOnlyForDeploymentPostprocessing = 0;
		};
		7A370A722A881E0B0015D5F0 /* Resources */ = {
			isa = PBXResourcesBuildPhase;
			buildActionMask = 2147483647;
			files = (
			);
			runOnlyForDeploymentPostprocessing = 0;
		};
		7A370A7C2A881E0B0015D5F0 /* Resources */ = {
			isa = PBXResourcesBuildPhase;
			buildActionMask = 2147483647;
			files = (
			);
			runOnlyForDeploymentPostprocessing = 0;
		};
		7AA6346B2BA630F800B9023B /* Resources */ = {
			isa = PBXResourcesBuildPhase;
			buildActionMask = 2147483647;
			files = (
			);
			runOnlyForDeploymentPostprocessing = 0;
		};
/* End PBXResourcesBuildPhase section */

/* Begin PBXSourcesBuildPhase section */
		7A370A5A2A881E090015D5F0 /* Sources */ = {
			isa = PBXSourcesBuildPhase;
			buildActionMask = 2147483647;
			files = (
				7A370A932A881E400015D5F0 /* FeedItem.swift in Sources */,
				7A370A662A881E090015D5F0 /* ViewController.swift in Sources */,
				7A370A622A881E090015D5F0 /* AppDelegate.swift in Sources */,
				7A2B69872AF127100020B65B /* FeedItemsMapper.swift in Sources */,
				7A2B69852AF1269F0020B65B /* HTTPClient.swift in Sources */,
				7A370A952A881E4F0015D5F0 /* FeedLoader.swift in Sources */,
				7A9BC3302AD94F0A00957113 /* RemoteFeedLoader.swift in Sources */,
				7A370A642A881E090015D5F0 /* SceneDelegate.swift in Sources */,
				7A62DB6B2B9F598600D0FCAB /* URLSessionHTTPClient.swift in Sources */,
			);
			runOnlyForDeploymentPostprocessing = 0;
		};
		7A370A702A881E0B0015D5F0 /* Sources */ = {
			isa = PBXSourcesBuildPhase;
			buildActionMask = 2147483647;
			files = (
				7A370A972A88209B0015D5F0 /* RemoteFeedLoaderTests.swift in Sources */,
				7A37BCFB2AFF6CE300BDCC01 /* URLSessionHTTPClientTests.swift in Sources */,
				7A62DB692B9F238100D0FCAB /* XCTextCase+MemoryLeakTracking.swift in Sources */,
				7A370A792A881E0B0015D5F0 /* EssentialFeedTests.swift in Sources */,
			);
			runOnlyForDeploymentPostprocessing = 0;
		};
		7A370A7A2A881E0B0015D5F0 /* Sources */ = {
			isa = PBXSourcesBuildPhase;
			buildActionMask = 2147483647;
			files = (
				7A370A832A881E0B0015D5F0 /* EssentialFeedUITests.swift in Sources */,
				7A370A852A881E0B0015D5F0 /* EssentialFeedUITestsLaunchTests.swift in Sources */,
			);
			runOnlyForDeploymentPostprocessing = 0;
		};
		7AA634692BA630F800B9023B /* Sources */ = {
			isa = PBXSourcesBuildPhase;
			buildActionMask = 2147483647;
			files = (
				7AA634702BA630F800B9023B /* EssentialFeedAPIEndToEndTests.swift in Sources */,
			);
			runOnlyForDeploymentPostprocessing = 0;
		};
/* End PBXSourcesBuildPhase section */

/* Begin PBXTargetDependency section */
		7A370A762A881E0B0015D5F0 /* PBXTargetDependency */ = {
			isa = PBXTargetDependency;
			target = 7A370A5D2A881E090015D5F0 /* EssentialFeed */;
			targetProxy = 7A370A752A881E0B0015D5F0 /* PBXContainerItemProxy */;
		};
		7A370A802A881E0B0015D5F0 /* PBXTargetDependency */ = {
			isa = PBXTargetDependency;
			target = 7A370A5D2A881E090015D5F0 /* EssentialFeed */;
			targetProxy = 7A370A7F2A881E0B0015D5F0 /* PBXContainerItemProxy */;
		};
		7AA634722BA630F800B9023B /* PBXTargetDependency */ = {
			isa = PBXTargetDependency;
			target = 7A370A5D2A881E090015D5F0 /* EssentialFeed */;
			targetProxy = 7AA634712BA630F800B9023B /* PBXContainerItemProxy */;
		};
/* End PBXTargetDependency section */

/* Begin PBXVariantGroup section */
		7A370A672A881E090015D5F0 /* Main.storyboard */ = {
			isa = PBXVariantGroup;
			children = (
				7A370A682A881E090015D5F0 /* Base */,
			);
			name = Main.storyboard;
			sourceTree = "<group>";
		};
		7A370A6C2A881E0B0015D5F0 /* LaunchScreen.storyboard */ = {
			isa = PBXVariantGroup;
			children = (
				7A370A6D2A881E0B0015D5F0 /* Base */,
			);
			name = LaunchScreen.storyboard;
			sourceTree = "<group>";
		};
/* End PBXVariantGroup section */

/* Begin XCBuildConfiguration section */
		7A370A862A881E0B0015D5F0 /* Debug */ = {
			isa = XCBuildConfiguration;
			buildSettings = {
				ALWAYS_SEARCH_USER_PATHS = NO;
				CLANG_ANALYZER_NONNULL = YES;
				CLANG_ANALYZER_NUMBER_OBJECT_CONVERSION = YES_AGGRESSIVE;
				CLANG_CXX_LANGUAGE_STANDARD = "gnu++20";
				CLANG_ENABLE_MODULES = YES;
				CLANG_ENABLE_OBJC_ARC = YES;
				CLANG_ENABLE_OBJC_WEAK = YES;
				CLANG_WARN_BLOCK_CAPTURE_AUTORELEASING = YES;
				CLANG_WARN_BOOL_CONVERSION = YES;
				CLANG_WARN_COMMA = YES;
				CLANG_WARN_CONSTANT_CONVERSION = YES;
				CLANG_WARN_DEPRECATED_OBJC_IMPLEMENTATIONS = YES;
				CLANG_WARN_DIRECT_OBJC_ISA_USAGE = YES_ERROR;
				CLANG_WARN_DOCUMENTATION_COMMENTS = YES;
				CLANG_WARN_EMPTY_BODY = YES;
				CLANG_WARN_ENUM_CONVERSION = YES;
				CLANG_WARN_INFINITE_RECURSION = YES;
				CLANG_WARN_INT_CONVERSION = YES;
				CLANG_WARN_NON_LITERAL_NULL_CONVERSION = YES;
				CLANG_WARN_OBJC_IMPLICIT_RETAIN_SELF = YES;
				CLANG_WARN_OBJC_LITERAL_CONVERSION = YES;
				CLANG_WARN_OBJC_ROOT_CLASS = YES_ERROR;
				CLANG_WARN_QUOTED_INCLUDE_IN_FRAMEWORK_HEADER = YES;
				CLANG_WARN_RANGE_LOOP_ANALYSIS = YES;
				CLANG_WARN_STRICT_PROTOTYPES = YES;
				CLANG_WARN_SUSPICIOUS_MOVE = YES;
				CLANG_WARN_UNGUARDED_AVAILABILITY = YES_AGGRESSIVE;
				CLANG_WARN_UNREACHABLE_CODE = YES;
				CLANG_WARN__DUPLICATE_METHOD_MATCH = YES;
				COPY_PHASE_STRIP = NO;
				DEBUG_INFORMATION_FORMAT = dwarf;
				ENABLE_STRICT_OBJC_MSGSEND = YES;
				ENABLE_TESTABILITY = YES;
				GCC_C_LANGUAGE_STANDARD = gnu11;
				GCC_DYNAMIC_NO_PIC = NO;
				GCC_NO_COMMON_BLOCKS = YES;
				GCC_OPTIMIZATION_LEVEL = 0;
				GCC_PREPROCESSOR_DEFINITIONS = (
					"DEBUG=1",
					"$(inherited)",
				);
				GCC_WARN_64_TO_32_BIT_CONVERSION = YES;
				GCC_WARN_ABOUT_RETURN_TYPE = YES_ERROR;
				GCC_WARN_UNDECLARED_SELECTOR = YES;
				GCC_WARN_UNINITIALIZED_AUTOS = YES_AGGRESSIVE;
				GCC_WARN_UNUSED_FUNCTION = YES;
				GCC_WARN_UNUSED_VARIABLE = YES;
				IPHONEOS_DEPLOYMENT_TARGET = 16.1;
				MTL_ENABLE_DEBUG_INFO = INCLUDE_SOURCE;
				MTL_FAST_MATH = YES;
				ONLY_ACTIVE_ARCH = YES;
				SDKROOT = iphoneos;
				SWIFT_ACTIVE_COMPILATION_CONDITIONS = DEBUG;
				SWIFT_OPTIMIZATION_LEVEL = "-Onone";
			};
			name = Debug;
		};
		7A370A872A881E0B0015D5F0 /* Release */ = {
			isa = XCBuildConfiguration;
			buildSettings = {
				ALWAYS_SEARCH_USER_PATHS = NO;
				CLANG_ANALYZER_NONNULL = YES;
				CLANG_ANALYZER_NUMBER_OBJECT_CONVERSION = YES_AGGRESSIVE;
				CLANG_CXX_LANGUAGE_STANDARD = "gnu++20";
				CLANG_ENABLE_MODULES = YES;
				CLANG_ENABLE_OBJC_ARC = YES;
				CLANG_ENABLE_OBJC_WEAK = YES;
				CLANG_WARN_BLOCK_CAPTURE_AUTORELEASING = YES;
				CLANG_WARN_BOOL_CONVERSION = YES;
				CLANG_WARN_COMMA = YES;
				CLANG_WARN_CONSTANT_CONVERSION = YES;
				CLANG_WARN_DEPRECATED_OBJC_IMPLEMENTATIONS = YES;
				CLANG_WARN_DIRECT_OBJC_ISA_USAGE = YES_ERROR;
				CLANG_WARN_DOCUMENTATION_COMMENTS = YES;
				CLANG_WARN_EMPTY_BODY = YES;
				CLANG_WARN_ENUM_CONVERSION = YES;
				CLANG_WARN_INFINITE_RECURSION = YES;
				CLANG_WARN_INT_CONVERSION = YES;
				CLANG_WARN_NON_LITERAL_NULL_CONVERSION = YES;
				CLANG_WARN_OBJC_IMPLICIT_RETAIN_SELF = YES;
				CLANG_WARN_OBJC_LITERAL_CONVERSION = YES;
				CLANG_WARN_OBJC_ROOT_CLASS = YES_ERROR;
				CLANG_WARN_QUOTED_INCLUDE_IN_FRAMEWORK_HEADER = YES;
				CLANG_WARN_RANGE_LOOP_ANALYSIS = YES;
				CLANG_WARN_STRICT_PROTOTYPES = YES;
				CLANG_WARN_SUSPICIOUS_MOVE = YES;
				CLANG_WARN_UNGUARDED_AVAILABILITY = YES_AGGRESSIVE;
				CLANG_WARN_UNREACHABLE_CODE = YES;
				CLANG_WARN__DUPLICATE_METHOD_MATCH = YES;
				COPY_PHASE_STRIP = NO;
				DEBUG_INFORMATION_FORMAT = "dwarf-with-dsym";
				ENABLE_NS_ASSERTIONS = NO;
				ENABLE_STRICT_OBJC_MSGSEND = YES;
				GCC_C_LANGUAGE_STANDARD = gnu11;
				GCC_NO_COMMON_BLOCKS = YES;
				GCC_WARN_64_TO_32_BIT_CONVERSION = YES;
				GCC_WARN_ABOUT_RETURN_TYPE = YES_ERROR;
				GCC_WARN_UNDECLARED_SELECTOR = YES;
				GCC_WARN_UNINITIALIZED_AUTOS = YES_AGGRESSIVE;
				GCC_WARN_UNUSED_FUNCTION = YES;
				GCC_WARN_UNUSED_VARIABLE = YES;
				IPHONEOS_DEPLOYMENT_TARGET = 16.1;
				MTL_ENABLE_DEBUG_INFO = NO;
				MTL_FAST_MATH = YES;
				SDKROOT = iphoneos;
				SWIFT_COMPILATION_MODE = wholemodule;
				SWIFT_OPTIMIZATION_LEVEL = "-O";
				VALIDATE_PRODUCT = YES;
			};
			name = Release;
		};
		7A370A892A881E0B0015D5F0 /* Debug */ = {
			isa = XCBuildConfiguration;
			buildSettings = {
				ASSETCATALOG_COMPILER_APPICON_NAME = AppIcon;
				ASSETCATALOG_COMPILER_GLOBAL_ACCENT_COLOR_NAME = AccentColor;
				CODE_SIGN_STYLE = Automatic;
				CURRENT_PROJECT_VERSION = 1;
				DEVELOPMENT_TEAM = HCPALQYGU3;
				GENERATE_INFOPLIST_FILE = YES;
				INFOPLIST_FILE = EssentialFeed/Info.plist;
				INFOPLIST_KEY_LSApplicationCategoryType = "";
				INFOPLIST_KEY_UIApplicationSupportsIndirectInputEvents = YES;
				INFOPLIST_KEY_UILaunchStoryboardName = LaunchScreen;
				INFOPLIST_KEY_UIMainStoryboardFile = Main;
				INFOPLIST_KEY_UISupportedInterfaceOrientations_iPad = "UIInterfaceOrientationPortrait UIInterfaceOrientationPortraitUpsideDown UIInterfaceOrientationLandscapeLeft UIInterfaceOrientationLandscapeRight";
				INFOPLIST_KEY_UISupportedInterfaceOrientations_iPhone = "UIInterfaceOrientationPortrait UIInterfaceOrientationLandscapeLeft UIInterfaceOrientationLandscapeRight";
				LD_RUNPATH_SEARCH_PATHS = (
					"$(inherited)",
					"@executable_path/Frameworks",
				);
				MARKETING_VERSION = 1.0;
				PRODUCT_BUNDLE_IDENTIFIER = com.ioanna.EssentialFeed;
				PRODUCT_NAME = "$(TARGET_NAME)";
				SWIFT_EMIT_LOC_STRINGS = YES;
				SWIFT_VERSION = 5.0;
				TARGETED_DEVICE_FAMILY = "1,2";
			};
			name = Debug;
		};
		7A370A8A2A881E0B0015D5F0 /* Release */ = {
			isa = XCBuildConfiguration;
			buildSettings = {
				ASSETCATALOG_COMPILER_APPICON_NAME = AppIcon;
				ASSETCATALOG_COMPILER_GLOBAL_ACCENT_COLOR_NAME = AccentColor;
				CODE_SIGN_STYLE = Automatic;
				CURRENT_PROJECT_VERSION = 1;
				DEVELOPMENT_TEAM = HCPALQYGU3;
				GENERATE_INFOPLIST_FILE = YES;
				INFOPLIST_FILE = EssentialFeed/Info.plist;
				INFOPLIST_KEY_LSApplicationCategoryType = "";
				INFOPLIST_KEY_UIApplicationSupportsIndirectInputEvents = YES;
				INFOPLIST_KEY_UILaunchStoryboardName = LaunchScreen;
				INFOPLIST_KEY_UIMainStoryboardFile = Main;
				INFOPLIST_KEY_UISupportedInterfaceOrientations_iPad = "UIInterfaceOrientationPortrait UIInterfaceOrientationPortraitUpsideDown UIInterfaceOrientationLandscapeLeft UIInterfaceOrientationLandscapeRight";
				INFOPLIST_KEY_UISupportedInterfaceOrientations_iPhone = "UIInterfaceOrientationPortrait UIInterfaceOrientationLandscapeLeft UIInterfaceOrientationLandscapeRight";
				LD_RUNPATH_SEARCH_PATHS = (
					"$(inherited)",
					"@executable_path/Frameworks",
				);
				MARKETING_VERSION = 1.0;
				PRODUCT_BUNDLE_IDENTIFIER = com.ioanna.EssentialFeed;
				PRODUCT_NAME = "$(TARGET_NAME)";
				SWIFT_EMIT_LOC_STRINGS = YES;
				SWIFT_VERSION = 5.0;
				TARGETED_DEVICE_FAMILY = "1,2";
			};
			name = Release;
		};
		7A370A8C2A881E0B0015D5F0 /* Debug */ = {
			isa = XCBuildConfiguration;
			buildSettings = {
				ALWAYS_EMBED_SWIFT_STANDARD_LIBRARIES = YES;
				BUNDLE_LOADER = "$(TEST_HOST)";
				CODE_SIGN_STYLE = Automatic;
				CURRENT_PROJECT_VERSION = 1;
				DEVELOPMENT_TEAM = HCPALQYGU3;
				GENERATE_INFOPLIST_FILE = YES;
				INFOPLIST_FILE = EssentialFeedTests/Info.plist;
				IPHONEOS_DEPLOYMENT_TARGET = 16.1;
				MARKETING_VERSION = 1.0;
				PRODUCT_BUNDLE_IDENTIFIER = com.ioanna.EssentialFeedTests;
				PRODUCT_NAME = "$(TARGET_NAME)";
				SWIFT_EMIT_LOC_STRINGS = NO;
				SWIFT_VERSION = 5.0;
				TARGETED_DEVICE_FAMILY = "1,2";
				TEST_HOST = "$(BUILT_PRODUCTS_DIR)/EssentialFeed.app/$(BUNDLE_EXECUTABLE_FOLDER_PATH)/EssentialFeed";
			};
			name = Debug;
		};
		7A370A8D2A881E0B0015D5F0 /* Release */ = {
			isa = XCBuildConfiguration;
			buildSettings = {
				ALWAYS_EMBED_SWIFT_STANDARD_LIBRARIES = YES;
				BUNDLE_LOADER = "$(TEST_HOST)";
				CODE_SIGN_STYLE = Automatic;
				CURRENT_PROJECT_VERSION = 1;
				DEVELOPMENT_TEAM = HCPALQYGU3;
				GENERATE_INFOPLIST_FILE = YES;
				INFOPLIST_FILE = EssentialFeedTests/Info.plist;
				IPHONEOS_DEPLOYMENT_TARGET = 16.1;
				MARKETING_VERSION = 1.0;
				PRODUCT_BUNDLE_IDENTIFIER = com.ioanna.EssentialFeedTests;
				PRODUCT_NAME = "$(TARGET_NAME)";
				SWIFT_EMIT_LOC_STRINGS = NO;
				SWIFT_VERSION = 5.0;
				TARGETED_DEVICE_FAMILY = "1,2";
				TEST_HOST = "$(BUILT_PRODUCTS_DIR)/EssentialFeed.app/$(BUNDLE_EXECUTABLE_FOLDER_PATH)/EssentialFeed";
			};
			name = Release;
		};
		7A370A8F2A881E0B0015D5F0 /* Debug */ = {
			isa = XCBuildConfiguration;
			buildSettings = {
				ALWAYS_EMBED_SWIFT_STANDARD_LIBRARIES = YES;
				CODE_SIGN_STYLE = Automatic;
				CURRENT_PROJECT_VERSION = 1;
				DEVELOPMENT_TEAM = HCPALQYGU3;
				GENERATE_INFOPLIST_FILE = YES;
				INFOPLIST_FILE = EssentialFeedUITests/Info.plist;
				INFOPLIST_KEY_CFBundleDisplayName = "";
				INFOPLIST_KEY_LSApplicationCategoryType = "";
				MARKETING_VERSION = 1.0;
				PRODUCT_BUNDLE_IDENTIFIER = com.ioanna.EssentialFeedUITests;
				PRODUCT_NAME = "$(TARGET_NAME)";
				SWIFT_EMIT_LOC_STRINGS = NO;
				SWIFT_VERSION = 5.0;
				TARGETED_DEVICE_FAMILY = "1,2";
				TEST_TARGET_NAME = EssentialFeed;
			};
			name = Debug;
		};
		7A370A902A881E0B0015D5F0 /* Release */ = {
			isa = XCBuildConfiguration;
			buildSettings = {
				ALWAYS_EMBED_SWIFT_STANDARD_LIBRARIES = YES;
				CODE_SIGN_STYLE = Automatic;
				CURRENT_PROJECT_VERSION = 1;
				DEVELOPMENT_TEAM = HCPALQYGU3;
				GENERATE_INFOPLIST_FILE = YES;
				INFOPLIST_FILE = EssentialFeedUITests/Info.plist;
				INFOPLIST_KEY_CFBundleDisplayName = "";
				INFOPLIST_KEY_LSApplicationCategoryType = "";
				MARKETING_VERSION = 1.0;
				PRODUCT_BUNDLE_IDENTIFIER = com.ioanna.EssentialFeedUITests;
				PRODUCT_NAME = "$(TARGET_NAME)";
				SWIFT_EMIT_LOC_STRINGS = NO;
				SWIFT_VERSION = 5.0;
				TARGETED_DEVICE_FAMILY = "1,2";
				TEST_TARGET_NAME = EssentialFeed;
			};
			name = Release;
		};
		7AA634732BA630F800B9023B /* Debug */ = {
			isa = XCBuildConfiguration;
			buildSettings = {
				BUNDLE_LOADER = "$(TEST_HOST)";
				CODE_SIGN_STYLE = Automatic;
				CURRENT_PROJECT_VERSION = 1;
				DEVELOPMENT_TEAM = HCPALQYGU3;
				GENERATE_INFOPLIST_FILE = YES;
				INFOPLIST_FILE = EssentialFeedAPIEndToEndTests/Info.plist;
				INFOPLIST_KEY_LSApplicationCategoryType = "";
				MARKETING_VERSION = 1.0;
				PRODUCT_BUNDLE_IDENTIFIER = com.ioanna.EssentialFeedAPIEndToEndTests;
				PRODUCT_NAME = "$(TARGET_NAME)";
				SWIFT_EMIT_LOC_STRINGS = NO;
				SWIFT_VERSION = 5.0;
				TARGETED_DEVICE_FAMILY = "1,2";
				TEST_HOST = "$(BUILT_PRODUCTS_DIR)/EssentialFeed.app/$(BUNDLE_EXECUTABLE_FOLDER_PATH)/EssentialFeed";
			};
			name = Debug;
		};
		7AA634742BA630F800B9023B /* Release */ = {
			isa = XCBuildConfiguration;
			buildSettings = {
				BUNDLE_LOADER = "$(TEST_HOST)";
				CODE_SIGN_STYLE = Automatic;
				CURRENT_PROJECT_VERSION = 1;
				DEVELOPMENT_TEAM = HCPALQYGU3;
				GENERATE_INFOPLIST_FILE = YES;
				INFOPLIST_FILE = EssentialFeedAPIEndToEndTests/Info.plist;
				INFOPLIST_KEY_LSApplicationCategoryType = "";
				MARKETING_VERSION = 1.0;
				PRODUCT_BUNDLE_IDENTIFIER = com.ioanna.EssentialFeedAPIEndToEndTests;
				PRODUCT_NAME = "$(TARGET_NAME)";
				SWIFT_EMIT_LOC_STRINGS = NO;
				SWIFT_VERSION = 5.0;
				TARGETED_DEVICE_FAMILY = "1,2";
				TEST_HOST = "$(BUILT_PRODUCTS_DIR)/EssentialFeed.app/$(BUNDLE_EXECUTABLE_FOLDER_PATH)/EssentialFeed";
			};
			name = Release;
		};
/* End XCBuildConfiguration section */

/* Begin XCConfigurationList section */
		7A370A592A881E090015D5F0 /* Build configuration list for PBXProject "EssentialFeed" */ = {
			isa = XCConfigurationList;
			buildConfigurations = (
				7A370A862A881E0B0015D5F0 /* Debug */,
				7A370A872A881E0B0015D5F0 /* Release */,
			);
			defaultConfigurationIsVisible = 0;
			defaultConfigurationName = Release;
		};
		7A370A882A881E0B0015D5F0 /* Build configuration list for PBXNativeTarget "EssentialFeed" */ = {
			isa = XCConfigurationList;
			buildConfigurations = (
				7A370A892A881E0B0015D5F0 /* Debug */,
				7A370A8A2A881E0B0015D5F0 /* Release */,
			);
			defaultConfigurationIsVisible = 0;
			defaultConfigurationName = Release;
		};
		7A370A8B2A881E0B0015D5F0 /* Build configuration list for PBXNativeTarget "EssentialFeedTests" */ = {
			isa = XCConfigurationList;
			buildConfigurations = (
				7A370A8C2A881E0B0015D5F0 /* Debug */,
				7A370A8D2A881E0B0015D5F0 /* Release */,
			);
			defaultConfigurationIsVisible = 0;
			defaultConfigurationName = Release;
		};
		7A370A8E2A881E0B0015D5F0 /* Build configuration list for PBXNativeTarget "EssentialFeedUITests" */ = {
			isa = XCConfigurationList;
			buildConfigurations = (
				7A370A8F2A881E0B0015D5F0 /* Debug */,
				7A370A902A881E0B0015D5F0 /* Release */,
			);
			defaultConfigurationIsVisible = 0;
			defaultConfigurationName = Release;
		};
		7AA634752BA630F800B9023B /* Build configuration list for PBXNativeTarget "EssentialFeedAPIEndToEndTests" */ = {
			isa = XCConfigurationList;
			buildConfigurations = (
				7AA634732BA630F800B9023B /* Debug */,
				7AA634742BA630F800B9023B /* Release */,
			);
			defaultConfigurationIsVisible = 0;
			defaultConfigurationName = Release;
		};
/* End XCConfigurationList section */
	};
	rootObject = 7A370A562A881E090015D5F0 /* Project object */;
}
